
Microsoft Visual Studio Solution File, Format Version 12.00
# Visual Studio Version 17
VisualStudioVersion = 17.7.34031.279
MinimumVisualStudioVersion = 10.0.40219.1
Project("{FAE04EC0-301F-11D3-BF4B-00C04F79EFBC}") = "wfaСollectionPostmarks", "wfaСollectionPostmarks\wfaСollectionPostmarks.csproj", "{BC535D91-977B-46C4-8615-AC46B66EA600}"
EndProject
Global
	GlobalSection(SolutionConfigurationPlatforms) = preSolution
		Debug|Any CPU = Debug|Any CPU
		Release|Any CPU = Release|Any CPU
	EndGlobalSection
	GlobalSection(ProjectConfigurationPlatforms) = postSolution
		{BC535D91-977B-46C4-8615-AC46B66EA600}.Debug|Any CPU.ActiveCfg = Debug|Any CPU
		{BC535D91-977B-46C4-8615-AC46B66EA600}.Debug|Any CPU.Build.0 = Debug|Any CPU
		{BC535D91-977B-46C4-8615-AC46B66EA600}.Release|Any CPU.ActiveCfg = Release|Any CPU
		{BC535D91-977B-46C4-8615-AC46B66EA600}.Release|Any CPU.Build.0 = Release|Any CPU
	EndGlobalSection
	GlobalSection(SolutionProperties) = preSolution
		HideSolutionNode = FALSE
	EndGlobalSection
	GlobalSection(ExtensibilityGlobals) = postSolution
		SolutionGuid = {A993340E-E845-4075-A9C7-2D1B205753C3}
	EndGlobalSection
EndGlobal
